// !$*UTF8*$!
{
	archiveVersion = 1;
	classes = {
	};
	objectVersion = 48;
	objects = {

/* Begin PBXBuildFile section */
		1B1B4EAF1FB2BC2A00D4DC33 /* AppDelegate.swift in Sources */ = {isa = PBXBuildFile; fileRef = 1B1B4EAE1FB2BC2A00D4DC33 /* AppDelegate.swift */; };
		1B1B4EB11FB2BC2A00D4DC33 /* ViewController.swift in Sources */ = {isa = PBXBuildFile; fileRef = 1B1B4EB01FB2BC2A00D4DC33 /* ViewController.swift */; };
		1B1B4EB41FB2BC2A00D4DC33 /* Main.storyboard in Resources */ = {isa = PBXBuildFile; fileRef = 1B1B4EB21FB2BC2A00D4DC33 /* Main.storyboard */; };
		1B1B4EB71FB2BC2A00D4DC33 /* DropdownNavigationBar.xcdatamodeld in Sources */ = {isa = PBXBuildFile; fileRef = 1B1B4EB51FB2BC2A00D4DC33 /* DropdownNavigationBar.xcdatamodeld */; };
		1B1B4EB91FB2BC2A00D4DC33 /* Assets.xcassets in Resources */ = {isa = PBXBuildFile; fileRef = 1B1B4EB81FB2BC2A00D4DC33 /* Assets.xcassets */; };
		1B1B4EBC1FB2BC2A00D4DC33 /* LaunchScreen.storyboard in Resources */ = {isa = PBXBuildFile; fileRef = 1B1B4EBA1FB2BC2A00D4DC33 /* LaunchScreen.storyboard */; };
		1B1B4EC51FB2BE0800D4DC33 /* ArrowButton.swift in Sources */ = {isa = PBXBuildFile; fileRef = 1B1B4EC41FB2BE0800D4DC33 /* ArrowButton.swift */; };
		1B1B4EC91FB2C05000D4DC33 /* DropdownTableCellTableViewCell.swift in Sources */ = {isa = PBXBuildFile; fileRef = 1B1B4EC81FB2C05000D4DC33 /* DropdownTableCellTableViewCell.swift */; };
		1B1B4ECB1FB2C34000D4DC33 /* DropdownTitleView.swift in Sources */ = {isa = PBXBuildFile; fileRef = 1B1B4ECA1FB2C34000D4DC33 /* DropdownTitleView.swift */; };
/* End PBXBuildFile section */

/* Begin PBXFileReference section */
		1B1B4EAB1FB2BC2A00D4DC33 /* DropdownNavigationBar.app */ = {isa = PBXFileReference; explicitFileType = wrapper.application; includeInIndex = 0; path = DropdownNavigationBar.app; sourceTree = BUILT_PRODUCTS_DIR; };
		1B1B4EAE1FB2BC2A00D4DC33 /* AppDelegate.swift */ = {isa = PBXFileReference; lastKnownFileType = sourcecode.swift; path = AppDelegate.swift; sourceTree = "<group>"; };
		1B1B4EB01FB2BC2A00D4DC33 /* ViewController.swift */ = {isa = PBXFileReference; lastKnownFileType = sourcecode.swift; path = ViewController.swift; sourceTree = "<group>"; };
		1B1B4EB31FB2BC2A00D4DC33 /* Base */ = {isa = PBXFileReference; lastKnownFileType = file.storyboard; name = Base; path = Base.lproj/Main.storyboard; sourceTree = "<group>"; };
		1B1B4EB61FB2BC2A00D4DC33 /* DropdownNavigationBar.xcdatamodel */ = {isa = PBXFileReference; lastKnownFileType = wrapper.xcdatamodel; path = DropdownNavigationBar.xcdatamodel; sourceTree = "<group>"; };
		1B1B4EB81FB2BC2A00D4DC33 /* Assets.xcassets */ = {isa = PBXFileReference; lastKnownFileType = folder.assetcatalog; path = Assets.xcassets; sourceTree = "<group>"; };
		1B1B4EBB1FB2BC2A00D4DC33 /* Base */ = {isa = PBXFileReference; lastKnownFileType = file.storyboard; name = Base; path = Base.lproj/LaunchScreen.storyboard; sourceTree = "<group>"; };
		1B1B4EBD1FB2BC2A00D4DC33 /* Info.plist */ = {isa = PBXFileReference; lastKnownFileType = text.plist.xml; path = Info.plist; sourceTree = "<group>"; };
		1B1B4EC41FB2BE0800D4DC33 /* ArrowButton.swift */ = {isa = PBXFileReference; lastKnownFileType = sourcecode.swift; path = ArrowButton.swift; sourceTree = "<group>"; };
		1B1B4EC81FB2C05000D4DC33 /* DropdownTableCellTableViewCell.swift */ = {isa = PBXFileReference; lastKnownFileType = sourcecode.swift; path = DropdownTableCellTableViewCell.swift; sourceTree = "<group>"; };
		1B1B4ECA1FB2C34000D4DC33 /* DropdownTitleView.swift */ = {isa = PBXFileReference; lastKnownFileType = sourcecode.swift; path = DropdownTitleView.swift; sourceTree = "<group>"; };
/* End PBXFileReference section */

/* Begin PBXFrameworksBuildPhase section */
		1B1B4EA81FB2BC2A00D4DC33 /* Frameworks */ = {
			isa = PBXFrameworksBuildPhase;
			buildActionMask = 2147483647;
			files = (
			);
			runOnlyForDeploymentPostprocessing = 0;
		};
/* End PBXFrameworksBuildPhase section */

/* Begin PBXGroup section */
		1B1B4EA21FB2BC2900D4DC33 = {
			isa = PBXGroup;
			children = (
				1B1B4EAD1FB2BC2A00D4DC33 /* DropdownNavigationBar */,
				1B1B4EAC1FB2BC2A00D4DC33 /* Products */,
			);
			sourceTree = "<group>";
		};
		1B1B4EAC1FB2BC2A00D4DC33 /* Products */ = {
			isa = PBXGroup;
			children = (
				1B1B4EAB1FB2BC2A00D4DC33 /* DropdownNavigationBar.app */,
			);
			name = Products;
			sourceTree = "<group>";
		};
		1B1B4EAD1FB2BC2A00D4DC33 /* DropdownNavigationBar */ = {
			isa = PBXGroup;
			children = (
				1B1B4EC31FB2BDBB00D4DC33 /* Dropdown */,
				1B1B4EAE1FB2BC2A00D4DC33 /* AppDelegate.swift */,
				1B1B4EB01FB2BC2A00D4DC33 /* ViewController.swift */,
				1B1B4EB21FB2BC2A00D4DC33 /* Main.storyboard */,
				1B1B4EB81FB2BC2A00D4DC33 /* Assets.xcassets */,
				1B1B4EBA1FB2BC2A00D4DC33 /* LaunchScreen.storyboard */,
				1B1B4EBD1FB2BC2A00D4DC33 /* Info.plist */,
				1B1B4EB51FB2BC2A00D4DC33 /* DropdownNavigationBar.xcdatamodeld */,
			);
			path = DropdownNavigationBar;
			sourceTree = "<group>";
		};
		1B1B4EC31FB2BDBB00D4DC33 /* Dropdown */ = {
			isa = PBXGroup;
			children = (
				1B1B4EC41FB2BE0800D4DC33 /* ArrowButton.swift */,
				1B1B4EC81FB2C05000D4DC33 /* DropdownTableCellTableViewCell.swift */,
				1B1B4ECA1FB2C34000D4DC33 /* DropdownTitleView.swift */,
			);
			path = Dropdown;
			sourceTree = "<group>";
		};
/* End PBXGroup section */

/* Begin PBXNativeTarget section */
		1B1B4EAA1FB2BC2A00D4DC33 /* DropdownNavigationBar */ = {
			isa = PBXNativeTarget;
			buildConfigurationList = 1B1B4EC01FB2BC2A00D4DC33 /* Build configuration list for PBXNativeTarget "DropdownNavigationBar" */;
			buildPhases = (
				1B1B4EA71FB2BC2A00D4DC33 /* Sources */,
				1B1B4EA81FB2BC2A00D4DC33 /* Frameworks */,
				1B1B4EA91FB2BC2A00D4DC33 /* Resources */,
			);
			buildRules = (
			);
			dependencies = (
			);
			name = DropdownNavigationBar;
			productName = DropdownNavigationBar;
			productReference = 1B1B4EAB1FB2BC2A00D4DC33 /* DropdownNavigationBar.app */;
			productType = "com.apple.product-type.application";
		};
/* End PBXNativeTarget section */

/* Begin PBXProject section */
		1B1B4EA31FB2BC2900D4DC33 /* Project object */ = {
			isa = PBXProject;
			attributes = {
				LastSwiftUpdateCheck = 0900;
				LastUpgradeCheck = 0900;
				ORGANIZATIONNAME = "Brandon Cao";
				TargetAttributes = {
					1B1B4EAA1FB2BC2A00D4DC33 = {
						CreatedOnToolsVersion = 9.0.1;
						ProvisioningStyle = Automatic;
					};
				};
			};
			buildConfigurationList = 1B1B4EA61FB2BC2900D4DC33 /* Build configuration list for PBXProject "DropdownNavigationBar" */;
			compatibilityVersion = "Xcode 8.0";
			developmentRegion = en;
			hasScannedForEncodings = 0;
			knownRegions = (
				en,
				Base,
			);
			mainGroup = 1B1B4EA21FB2BC2900D4DC33;
			productRefGroup = 1B1B4EAC1FB2BC2A00D4DC33 /* Products */;
			projectDirPath = "";
			projectRoot = "";
			targets = (
				1B1B4EAA1FB2BC2A00D4DC33 /* DropdownNavigationBar */,
			);
		};
/* End PBXProject section */

/* Begin PBXResourcesBuildPhase section */
		1B1B4EA91FB2BC2A00D4DC33 /* Resources */ = {
			isa = PBXResourcesBuildPhase;
			buildActionMask = 2147483647;
			files = (
				1B1B4EBC1FB2BC2A00D4DC33 /* LaunchScreen.storyboard in Resources */,
				1B1B4EB91FB2BC2A00D4DC33 /* Assets.xcassets in Resources */,
				1B1B4EB41FB2BC2A00D4DC33 /* Main.storyboard in Resources */,
			);
			runOnlyForDeploymentPostprocessing = 0;
		};
/* End PBXResourcesBuildPhase section */

/* Begin PBXSourcesBuildPhase section */
		1B1B4EA71FB2BC2A00D4DC33 /* Sources */ = {
			isa = PBXSourcesBuildPhase;
			buildActionMask = 2147483647;
			files = (
				1B1B4EC91FB2C05000D4DC33 /* DropdownTableCellTableViewCell.swift in Sources */,
				1B1B4EB71FB2BC2A00D4DC33 /* DropdownNavigationBar.xcdatamodeld in Sources */,
				1B1B4EB11FB2BC2A00D4DC33 /* ViewController.swift in Sources */,
				1B1B4EAF1FB2BC2A00D4DC33 /* AppDelegate.swift in Sources */,
				1B1B4ECB1FB2C34000D4DC33 /* DropdownTitleView.swift in Sources */,
				1B1B4EC51FB2BE0800D4DC33 /* ArrowButton.swift in Sources */,
			);
			runOnlyForDeploymentPostprocessing = 0;
		};
/* End PBXSourcesBuildPhase section */

/* Begin PBXVariantGroup section */
		1B1B4EB21FB2BC2A00D4DC33 /* Main.storyboard */ = {
			isa = PBXVariantGroup;
			children = (
				1B1B4EB31FB2BC2A00D4DC33 /* Base */,
			);
			name = Main.storyboard;
			sourceTree = "<group>";
		};
		1B1B4EBA1FB2BC2A00D4DC33 /* LaunchScreen.storyboard */ = {
			isa = PBXVariantGroup;
			children = (
				1B1B4EBB1FB2BC2A00D4DC33 /* Base */,
			);
			name = LaunchScreen.storyboard;
			sourceTree = "<group>";
		};
/* End PBXVariantGroup section */

/* Begin XCBuildConfiguration section */
		1B1B4EBE1FB2BC2A00D4DC33 /* Debug */ = {
			isa = XCBuildConfiguration;
			buildSettings = {
				ALWAYS_SEARCH_USER_PATHS = NO;
				CLANG_ANALYZER_NONNULL = YES;
				CLANG_ANALYZER_NUMBER_OBJECT_CONVERSION = YES_AGGRESSIVE;
				CLANG_CXX_LANGUAGE_STANDARD = "gnu++14";
				CLANG_CXX_LIBRARY = "libc++";
				CLANG_ENABLE_MODULES = YES;
				CLANG_ENABLE_OBJC_ARC = YES;
				CLANG_WARN_BLOCK_CAPTURE_AUTORELEASING = YES;
				CLANG_WARN_BOOL_CONVERSION = YES;
				CLANG_WARN_COMMA = YES;
				CLANG_WARN_CONSTANT_CONVERSION = YES;
				CLANG_WARN_DIRECT_OBJC_ISA_USAGE = YES_ERROR;
				CLANG_WARN_DOCUMENTATION_COMMENTS = YES;
				CLANG_WARN_EMPTY_BODY = YES;
				CLANG_WARN_ENUM_CONVERSION = YES;
				CLANG_WARN_INFINITE_RECURSION = YES;
				CLANG_WARN_INT_CONVERSION = YES;
				CLANG_WARN_NON_LITERAL_NULL_CONVERSION = YES;
				CLANG_WARN_OBJC_LITERAL_CONVERSION = YES;
				CLANG_WARN_OBJC_ROOT_CLASS = YES_ERROR;
				CLANG_WARN_RANGE_LOOP_ANALYSIS = YES;
				CLANG_WARN_STRICT_PROTOTYPES = YES;
				CLANG_WARN_SUSPICIOUS_MOVE = YES;
				CLANG_WARN_UNGUARDED_AVAILABILITY = YES_AGGRESSIVE;
				CLANG_WARN_UNREACHABLE_CODE = YES;
				CLANG_WARN__DUPLICATE_METHOD_MATCH = YES;
				CODE_SIGN_IDENTITY = "iPhone Developer";
				COPY_PHASE_STRIP = NO;
				DEBUG_INFORMATION_FORMAT = dwarf;
				ENABLE_STRICT_OBJC_MSGSEND = YES;
				ENABLE_TESTABILITY = YES;
				GCC_C_LANGUAGE_STANDARD = gnu11;
				GCC_DYNAMIC_NO_PIC = NO;
				GCC_NO_COMMON_BLOCKS = YES;
				GCC_OPTIMIZATION_LEVEL = 0;
				GCC_PREPROCESSOR_DEFINITIONS = (
					"DEBUG=1",
					"$(inherited)",
				);
				GCC_WARN_64_TO_32_BIT_CONVERSION = YES;
				GCC_WARN_ABOUT_RETURN_TYPE = YES_ERROR;
				GCC_WARN_UNDECLARED_SELECTOR = YES;
				GCC_WARN_UNINITIALIZED_AUTOS = YES_AGGRESSIVE;
				GCC_WARN_UNUSED_FUNCTION = YES;
				GCC_WARN_UNUSED_VARIABLE = YES;
				IPHONEOS_DEPLOYMENT_TARGET = 11.0;
				MTL_ENABLE_DEBUG_INFO = YES;
				ONLY_ACTIVE_ARCH = YES;
				SDKROOT = iphoneos;
				SWIFT_ACTIVE_COMPILATION_CONDITIONS = DEBUG;
				SWIFT_OPTIMIZATION_LEVEL = "-Onone";
			};
			name = Debug;
		};
		1B1B4EBF1FB2BC2A00D4DC33 /* Release */ = {
			isa = XCBuildConfiguration;
			buildSettings = {
				ALWAYS_SEARCH_USER_PATHS = NO;
				CLANG_ANALYZER_NONNULL = YES;
				CLANG_ANALYZER_NUMBER_OBJECT_CONVERSION = YES_AGGRESSIVE;
				CLANG_CXX_LANGUAGE_STANDARD = "gnu++14";
				CLANG_CXX_LIBRARY = "libc++";
				CLANG_ENABLE_MODULES = YES;
				CLANG_ENABLE_OBJC_ARC = YES;
				CLANG_WARN_BLOCK_CAPTURE_AUTORELEASING = YES;
				CLANG_WARN_BOOL_CONVERSION = YES;
				CLANG_WARN_COMMA = YES;
				CLANG_WARN_CONSTANT_CONVERSION = YES;
				CLANG_WARN_DIRECT_OBJC_ISA_USAGE = YES_ERROR;
				CLANG_WARN_DOCUMENTATION_COMMENTS = YES;
				CLANG_WARN_EMPTY_BODY = YES;
				CLANG_WARN_ENUM_CONVERSION = YES;
				CLANG_WARN_INFINITE_RECURSION = YES;
				CLANG_WARN_INT_CONVERSION = YES;
				CLANG_WARN_NON_LITERAL_NULL_CONVERSION = YES;
				CLANG_WARN_OBJC_LITERAL_CONVERSION = YES;
				CLANG_WARN_OBJC_ROOT_CLASS = YES_ERROR;
				CLANG_WARN_RANGE_LOOP_ANALYSIS = YES;
				CLANG_WARN_STRICT_PROTOTYPES = YES;
				CLANG_WARN_SUSPICIOUS_MOVE = YES;
				CLANG_WARN_UNGUARDED_AVAILABILITY = YES_AGGRESSIVE;
				CLANG_WARN_UNREACHABLE_CODE = YES;
				CLANG_WARN__DUPLICATE_METHOD_MATCH = YES;
				CODE_SIGN_IDENTITY = "iPhone Developer";
				COPY_PHASE_STRIP = NO;
				DEBUG_INFORMATION_FORMAT = "dwarf-with-dsym";
				ENABLE_NS_ASSERTIONS = NO;
				ENABLE_STRICT_OBJC_MSGSEND = YES;
				GCC_C_LANGUAGE_STANDARD = gnu11;
				GCC_NO_COMMON_BLOCKS = YES;
				GCC_WARN_64_TO_32_BIT_CONVERSION = YES;
				GCC_WARN_ABOUT_RETURN_TYPE = YES_ERROR;
				GCC_WARN_UNDECLARED_SELECTOR = YES;
				GCC_WARN_UNINITIALIZED_AUTOS = YES_AGGRESSIVE;
				GCC_WARN_UNUSED_FUNCTION = YES;
				GCC_WARN_UNUSED_VARIABLE = YES;
				IPHONEOS_DEPLOYMENT_TARGET = 11.0;
				MTL_ENABLE_DEBUG_INFO = NO;
				SDKROOT = iphoneos;
				SWIFT_OPTIMIZATION_LEVEL = "-Owholemodule";
				VALIDATE_PRODUCT = YES;
			};
			name = Release;
		};
		1B1B4EC11FB2BC2A00D4DC33 /* Debug */ = {
			isa = XCBuildConfiguration;
			buildSettings = {
				ASSETCATALOG_COMPILER_APPICON_NAME = AppIcon;
				CODE_SIGN_STYLE = Automatic;
				DEVELOPMENT_TEAM = U95RYCJQV8;
				INFOPLIST_FILE = DropdownNavigationBar/Info.plist;
				LD_RUNPATH_SEARCH_PATHS = "$(inherited) @executable_path/Frameworks";
				PRODUCT_BUNDLE_IDENTIFIER = B.Cao.DropdownNavigationBar;
				PRODUCT_NAME = "$(TARGET_NAME)";
				SWIFT_VERSION = 4.0;
				TARGETED_DEVICE_FAMILY = "1,2";
			};
			name = Debug;
		};
		1B1B4EC21FB2BC2A00D4DC33 /* Release */ = {
			isa = XCBuildConfiguration;
			buildSettings = {
				ASSETCATALOG_COMPILER_APPICON_NAME = AppIcon;
				CODE_SIGN_STYLE = Automatic;
				DEVELOPMENT_TEAM = U95RYCJQV8;
				INFOPLIST_FILE = DropdownNavigationBar/Info.plist;
				LD_RUNPATH_SEARCH_PATHS = "$(inherited) @executable_path/Frameworks";
				PRODUCT_BUNDLE_IDENTIFIER = B.Cao.DropdownNavigationBar;
				PRODUCT_NAME = "$(TARGET_NAME)";
				SWIFT_VERSION = 4.0;
				TARGETED_DEVICE_FAMILY = "1,2";
			};
			name = Release;
		};
/* End XCBuildConfiguration section */

/* Begin XCConfigurationList section */
		1B1B4EA61FB2BC2900D4DC33 /* Build configuration list for PBXProject "DropdownNavigationBar" */ = {
			isa = XCConfigurationList;
			buildConfigurations = (
				1B1B4EBE1FB2BC2A00D4DC33 /* Debug */,
				1B1B4EBF1FB2BC2A00D4DC33 /* Release */,
			);
			defaultConfigurationIsVisible = 0;
			defaultConfigurationName = Release;
		};
		1B1B4EC01FB2BC2A00D4DC33 /* Build configuration list for PBXNativeTarget "DropdownNavigationBar" */ = {
			isa = XCConfigurationList;
			buildConfigurations = (
				1B1B4EC11FB2BC2A00D4DC33 /* Debug */,
				1B1B4EC21FB2BC2A00D4DC33 /* Release */,
			);
			defaultConfigurationIsVisible = 0;
			defaultConfigurationName = Release;
		};
/* End XCConfigurationList section */

/* Begin XCVersionGroup section */
		1B1B4EB51FB2BC2A00D4DC33 /* DropdownNavigationBar.xcdatamodeld */ = {
			isa = XCVersionGroup;
			children = (
				1B1B4EB61FB2BC2A00D4DC33 /* DropdownNavigationBar.xcdatamodel */,
			);
			currentVersion = 1B1B4EB61FB2BC2A00D4DC33 /* DropdownNavigationBar.xcdatamodel */;
			path = DropdownNavigationBar.xcdatamodeld;
			sourceTree = "<group>";
			versionGroupType = wrapper.xcdatamodel;
		};
/* End XCVersionGroup section */
	};
	rootObject = 1B1B4EA31FB2BC2900D4DC33 /* Project object */;
}
